
Microsoft Visual Studio Solution File, Format Version 12.00
# Visual Studio 15
VisualStudioVersion = 15.0.27428.2027
MinimumVisualStudioVersion = 10.0.40219.1
Project("{FAE04EC0-301F-11D3-BF4B-00C04F79EFBC}") = "Infor", "Infor\Infor.csproj", "{918DC997-EFAD-4B9F-883F-9E77574A25FC}"
EndProject
Global
	GlobalSection(SolutionConfigurationPlatforms) = preSolution
		Debug|Any CPU = Debug|Any CPU
		Release|Any CPU = Release|Any CPU
	EndGlobalSection
	GlobalSection(ProjectConfigurationPlatforms) = postSolution
		{918DC997-EFAD-4B9F-883F-9E77574A25FC}.Debug|Any CPU.ActiveCfg = Debug|Any CPU
		{918DC997-EFAD-4B9F-883F-9E77574A25FC}.Debug|Any CPU.Build.0 = Debug|Any CPU
		{918DC997-EFAD-4B9F-883F-9E77574A25FC}.Release|Any CPU.ActiveCfg = Release|Any CPU
		{918DC997-EFAD-4B9F-883F-9E77574A25FC}.Release|Any CPU.Build.0 = Release|Any CPU
	EndGlobalSection
	GlobalSection(SolutionProperties) = preSolution
		HideSolutionNode = FALSE
	EndGlobalSection
	GlobalSection(ExtensibilityGlobals) = postSolution
		SolutionGuid = {BFD367C8-F270-4DC3-B0A8-E2C9A7C5981D}
	EndGlobalSection
EndGlobal
